%{
  "decimal": {:hex, :decimal, "1.1.0", "3333732f17a90ff3057d7ab8c65f0930ca2d67e15cca812a91ead5633ed472fe", [:mix], [], "hexpm"},
  "mariaex": {:hex, :mariaex, "0.3.0", "7308819aceab5e4a01e18e6db69e9060533a22e47b582754b70070958e77f335", [:mix], [{:decimal, "~> 1.0", [hex: :decimal, repo: "hexpm", optional: false]}], "hexpm"},
}
